// !$*UTF8*$!
{
	archiveVersion = 1;
	classes = {
	};
	objectVersion = 50;
	objects = {

/* Begin PBXBuildFile section */
		FE42287A267AF9B300287005 /* Singer+CoreDataClass.swift in Sources */ = {isa = PBXBuildFile; fileRef = FE422878267AF9B300287005 /* Singer+CoreDataClass.swift */; };
		FE42287B267AF9B300287005 /* Singer+CoreDataProperties.swift in Sources */ = {isa = PBXBuildFile; fileRef = FE422879267AF9B300287005 /* Singer+CoreDataProperties.swift */; };
		FE42287D267AFB5C00287005 /* FilteredList.swift in Sources */ = {isa = PBXBuildFile; fileRef = FE42287C267AFB5C00287005 /* FilteredList.swift */; };
		FE422882267B050B00287005 /* Country+CoreDataClass.swift in Sources */ = {isa = PBXBuildFile; fileRef = FE42287E267B050B00287005 /* Country+CoreDataClass.swift */; };
		FE422883267B050B00287005 /* Country+CoreDataProperties.swift in Sources */ = {isa = PBXBuildFile; fileRef = FE42287F267B050B00287005 /* Country+CoreDataProperties.swift */; };
		FE422884267B050B00287005 /* Candy+CoreDataClass.swift in Sources */ = {isa = PBXBuildFile; fileRef = FE422880267B050B00287005 /* Candy+CoreDataClass.swift */; };
		FE422885267B050B00287005 /* Candy+CoreDataProperties.swift in Sources */ = {isa = PBXBuildFile; fileRef = FE422881267B050B00287005 /* Candy+CoreDataProperties.swift */; };
		FEFE56EE267AE89D002EEF9E /* AppDelegate.swift in Sources */ = {isa = PBXBuildFile; fileRef = FEFE56ED267AE89D002EEF9E /* AppDelegate.swift */; };
		FEFE56F0267AE89D002EEF9E /* SceneDelegate.swift in Sources */ = {isa = PBXBuildFile; fileRef = FEFE56EF267AE89D002EEF9E /* SceneDelegate.swift */; };
		FEFE56F2267AE89D002EEF9E /* ContentView.swift in Sources */ = {isa = PBXBuildFile; fileRef = FEFE56F1267AE89D002EEF9E /* ContentView.swift */; };
		FEFE56F5267AE89D002EEF9E /* CoreD.xcdatamodeld in Sources */ = {isa = PBXBuildFile; fileRef = FEFE56F3267AE89D002EEF9E /* CoreD.xcdatamodeld */; };
		FEFE56F7267AE89E002EEF9E /* Assets.xcassets in Resources */ = {isa = PBXBuildFile; fileRef = FEFE56F6267AE89E002EEF9E /* Assets.xcassets */; };
		FEFE56FA267AE89E002EEF9E /* Preview Assets.xcassets in Resources */ = {isa = PBXBuildFile; fileRef = FEFE56F9267AE89E002EEF9E /* Preview Assets.xcassets */; };
		FEFE56FD267AE89E002EEF9E /* LaunchScreen.storyboard in Resources */ = {isa = PBXBuildFile; fileRef = FEFE56FB267AE89E002EEF9E /* LaunchScreen.storyboard */; };
/* End PBXBuildFile section */

/* Begin PBXFileReference section */
		FE422878267AF9B300287005 /* Singer+CoreDataClass.swift */ = {isa = PBXFileReference; lastKnownFileType = sourcecode.swift; path = "Singer+CoreDataClass.swift"; sourceTree = "<group>"; };
		FE422879267AF9B300287005 /* Singer+CoreDataProperties.swift */ = {isa = PBXFileReference; lastKnownFileType = sourcecode.swift; path = "Singer+CoreDataProperties.swift"; sourceTree = "<group>"; };
		FE42287C267AFB5C00287005 /* FilteredList.swift */ = {isa = PBXFileReference; lastKnownFileType = sourcecode.swift; path = FilteredList.swift; sourceTree = "<group>"; };
		FE42287E267B050B00287005 /* Country+CoreDataClass.swift */ = {isa = PBXFileReference; lastKnownFileType = sourcecode.swift; path = "Country+CoreDataClass.swift"; sourceTree = SOURCE_ROOT; };
		FE42287F267B050B00287005 /* Country+CoreDataProperties.swift */ = {isa = PBXFileReference; lastKnownFileType = sourcecode.swift; path = "Country+CoreDataProperties.swift"; sourceTree = SOURCE_ROOT; };
		FE422880267B050B00287005 /* Candy+CoreDataClass.swift */ = {isa = PBXFileReference; lastKnownFileType = sourcecode.swift; path = "Candy+CoreDataClass.swift"; sourceTree = SOURCE_ROOT; };
		FE422881267B050B00287005 /* Candy+CoreDataProperties.swift */ = {isa = PBXFileReference; lastKnownFileType = sourcecode.swift; path = "Candy+CoreDataProperties.swift"; sourceTree = SOURCE_ROOT; };
		FEFE56EA267AE89D002EEF9E /* CoreD.app */ = {isa = PBXFileReference; explicitFileType = wrapper.application; includeInIndex = 0; path = CoreD.app; sourceTree = BUILT_PRODUCTS_DIR; };
		FEFE56ED267AE89D002EEF9E /* AppDelegate.swift */ = {isa = PBXFileReference; lastKnownFileType = sourcecode.swift; path = AppDelegate.swift; sourceTree = "<group>"; };
		FEFE56EF267AE89D002EEF9E /* SceneDelegate.swift */ = {isa = PBXFileReference; lastKnownFileType = sourcecode.swift; path = SceneDelegate.swift; sourceTree = "<group>"; };
		FEFE56F1267AE89D002EEF9E /* ContentView.swift */ = {isa = PBXFileReference; lastKnownFileType = sourcecode.swift; path = ContentView.swift; sourceTree = "<group>"; };
		FEFE56F4267AE89D002EEF9E /* CoreD.xcdatamodel */ = {isa = PBXFileReference; lastKnownFileType = wrapper.xcdatamodel; path = CoreD.xcdatamodel; sourceTree = "<group>"; };
		FEFE56F6267AE89E002EEF9E /* Assets.xcassets */ = {isa = PBXFileReference; lastKnownFileType = folder.assetcatalog; path = Assets.xcassets; sourceTree = "<group>"; };
		FEFE56F9267AE89E002EEF9E /* Preview Assets.xcassets */ = {isa = PBXFileReference; lastKnownFileType = folder.assetcatalog; path = "Preview Assets.xcassets"; sourceTree = "<group>"; };
		FEFE56FC267AE89E002EEF9E /* Base */ = {isa = PBXFileReference; lastKnownFileType = file.storyboard; name = Base; path = Base.lproj/LaunchScreen.storyboard; sourceTree = "<group>"; };
		FEFE56FE267AE89E002EEF9E /* Info.plist */ = {isa = PBXFileReference; lastKnownFileType = text.plist.xml; path = Info.plist; sourceTree = "<group>"; };
/* End PBXFileReference section */

/* Begin PBXFrameworksBuildPhase section */
		FEFE56E7267AE89D002EEF9E /* Frameworks */ = {
			isa = PBXFrameworksBuildPhase;
			buildActionMask = 2147483647;
			files = (
			);
			runOnlyForDeploymentPostprocessing = 0;
		};
/* End PBXFrameworksBuildPhase section */

/* Begin PBXGroup section */
		FEFE56E1267AE89D002EEF9E = {
			isa = PBXGroup;
			children = (
				FEFE56EC267AE89D002EEF9E /* CoreD */,
				FEFE56EB267AE89D002EEF9E /* Products */,
			);
			sourceTree = "<group>";
		};
		FEFE56EB267AE89D002EEF9E /* Products */ = {
			isa = PBXGroup;
			children = (
				FEFE56EA267AE89D002EEF9E /* CoreD.app */,
			);
			name = Products;
			sourceTree = "<group>";
		};
		FEFE56EC267AE89D002EEF9E /* CoreD */ = {
			isa = PBXGroup;
			children = (
				FE42287E267B050B00287005 /* Country+CoreDataClass.swift */,
				FE42287F267B050B00287005 /* Country+CoreDataProperties.swift */,
				FE422880267B050B00287005 /* Candy+CoreDataClass.swift */,
				FE422881267B050B00287005 /* Candy+CoreDataProperties.swift */,
				FE422878267AF9B300287005 /* Singer+CoreDataClass.swift */,
				FE422879267AF9B300287005 /* Singer+CoreDataProperties.swift */,
				FEFE56ED267AE89D002EEF9E /* AppDelegate.swift */,
				FEFE56EF267AE89D002EEF9E /* SceneDelegate.swift */,
				FEFE56F1267AE89D002EEF9E /* ContentView.swift */,
				FEFE56F6267AE89E002EEF9E /* Assets.xcassets */,
				FEFE56FB267AE89E002EEF9E /* LaunchScreen.storyboard */,
				FEFE56FE267AE89E002EEF9E /* Info.plist */,
				FEFE56F3267AE89D002EEF9E /* CoreD.xcdatamodeld */,
				FEFE56F8267AE89E002EEF9E /* Preview Content */,
				FE42287C267AFB5C00287005 /* FilteredList.swift */,
			);
			path = CoreD;
			sourceTree = "<group>";
		};
		FEFE56F8267AE89E002EEF9E /* Preview Content */ = {
			isa = PBXGroup;
			children = (
				FEFE56F9267AE89E002EEF9E /* Preview Assets.xcassets */,
			);
			path = "Preview Content";
			sourceTree = "<group>";
		};
/* End PBXGroup section */

/* Begin PBXNativeTarget section */
		FEFE56E9267AE89D002EEF9E /* CoreD */ = {
			isa = PBXNativeTarget;
			buildConfigurationList = FEFE5701267AE89E002EEF9E /* Build configuration list for PBXNativeTarget "CoreD" */;
			buildPhases = (
				FEFE56E6267AE89D002EEF9E /* Sources */,
				FEFE56E7267AE89D002EEF9E /* Frameworks */,
				FEFE56E8267AE89D002EEF9E /* Resources */,
			);
			buildRules = (
			);
			dependencies = (
			);
			name = CoreD;
			productName = CoreD;
			productReference = FEFE56EA267AE89D002EEF9E /* CoreD.app */;
			productType = "com.apple.product-type.application";
		};
/* End PBXNativeTarget section */

/* Begin PBXProject section */
		FEFE56E2267AE89D002EEF9E /* Project object */ = {
			isa = PBXProject;
			attributes = {
				LastSwiftUpdateCheck = 1250;
				LastUpgradeCheck = 1250;
				TargetAttributes = {
					FEFE56E9267AE89D002EEF9E = {
						CreatedOnToolsVersion = 12.5;
					};
				};
			};
			buildConfigurationList = FEFE56E5267AE89D002EEF9E /* Build configuration list for PBXProject "CoreD" */;
			compatibilityVersion = "Xcode 9.3";
			developmentRegion = en;
			hasScannedForEncodings = 0;
			knownRegions = (
				en,
				Base,
			);
			mainGroup = FEFE56E1267AE89D002EEF9E;
			productRefGroup = FEFE56EB267AE89D002EEF9E /* Products */;
			projectDirPath = "";
			projectRoot = "";
			targets = (
				FEFE56E9267AE89D002EEF9E /* CoreD */,
			);
		};
/* End PBXProject section */

/* Begin PBXResourcesBuildPhase section */
		FEFE56E8267AE89D002EEF9E /* Resources */ = {
			isa = PBXResourcesBuildPhase;
			buildActionMask = 2147483647;
			files = (
				FEFE56FD267AE89E002EEF9E /* LaunchScreen.storyboard in Resources */,
				FEFE56FA267AE89E002EEF9E /* Preview Assets.xcassets in Resources */,
				FEFE56F7267AE89E002EEF9E /* Assets.xcassets in Resources */,
			);
			runOnlyForDeploymentPostprocessing = 0;
		};
/* End PBXResourcesBuildPhase section */

/* Begin PBXSourcesBuildPhase section */
		FEFE56E6267AE89D002EEF9E /* Sources */ = {
			isa = PBXSourcesBuildPhase;
			buildActionMask = 2147483647;
			files = (
				FEFE56EE267AE89D002EEF9E /* AppDelegate.swift in Sources */,
				FE422884267B050B00287005 /* Candy+CoreDataClass.swift in Sources */,
				FE422885267B050B00287005 /* Candy+CoreDataProperties.swift in Sources */,
				FE42287B267AF9B300287005 /* Singer+CoreDataProperties.swift in Sources */,
				FEFE56F0267AE89D002EEF9E /* SceneDelegate.swift in Sources */,
				FE42287A267AF9B300287005 /* Singer+CoreDataClass.swift in Sources */,
				FEFE56F2267AE89D002EEF9E /* ContentView.swift in Sources */,
				FEFE56F5267AE89D002EEF9E /* CoreD.xcdatamodeld in Sources */,
				FE422882267B050B00287005 /* Country+CoreDataClass.swift in Sources */,
				FE42287D267AFB5C00287005 /* FilteredList.swift in Sources */,
				FE422883267B050B00287005 /* Country+CoreDataProperties.swift in Sources */,
			);
			runOnlyForDeploymentPostprocessing = 0;
		};
/* End PBXSourcesBuildPhase section */

/* Begin PBXVariantGroup section */
		FEFE56FB267AE89E002EEF9E /* LaunchScreen.storyboard */ = {
			isa = PBXVariantGroup;
			children = (
				FEFE56FC267AE89E002EEF9E /* Base */,
			);
			name = LaunchScreen.storyboard;
			sourceTree = "<group>";
		};
/* End PBXVariantGroup section */

/* Begin XCBuildConfiguration section */
		FEFE56FF267AE89E002EEF9E /* Debug */ = {
			isa = XCBuildConfiguration;
			buildSettings = {
				ALWAYS_SEARCH_USER_PATHS = NO;
				CLANG_ANALYZER_NONNULL = YES;
				CLANG_ANALYZER_NUMBER_OBJECT_CONVERSION = YES_AGGRESSIVE;
				CLANG_CXX_LANGUAGE_STANDARD = "gnu++14";
				CLANG_CXX_LIBRARY = "libc++";
				CLANG_ENABLE_MODULES = YES;
				CLANG_ENABLE_OBJC_ARC = YES;
				CLANG_ENABLE_OBJC_WEAK = YES;
				CLANG_WARN_BLOCK_CAPTURE_AUTORELEASING = YES;
				CLANG_WARN_BOOL_CONVERSION = YES;
				CLANG_WARN_COMMA = YES;
				CLANG_WARN_CONSTANT_CONVERSION = YES;
				CLANG_WARN_DEPRECATED_OBJC_IMPLEMENTATIONS = YES;
				CLANG_WARN_DIRECT_OBJC_ISA_USAGE = YES_ERROR;
				CLANG_WARN_DOCUMENTATION_COMMENTS = YES;
				CLANG_WARN_EMPTY_BODY = YES;
				CLANG_WARN_ENUM_CONVERSION = YES;
				CLANG_WARN_INFINITE_RECURSION = YES;
				CLANG_WARN_INT_CONVERSION = YES;
				CLANG_WARN_NON_LITERAL_NULL_CONVERSION = YES;
				CLANG_WARN_OBJC_IMPLICIT_RETAIN_SELF = YES;
				CLANG_WARN_OBJC_LITERAL_CONVERSION = YES;
				CLANG_WARN_OBJC_ROOT_CLASS = YES_ERROR;
				CLANG_WARN_QUOTED_INCLUDE_IN_FRAMEWORK_HEADER = YES;
				CLANG_WARN_RANGE_LOOP_ANALYSIS = YES;
				CLANG_WARN_STRICT_PROTOTYPES = YES;
				CLANG_WARN_SUSPICIOUS_MOVE = YES;
				CLANG_WARN_UNGUARDED_AVAILABILITY = YES_AGGRESSIVE;
				CLANG_WARN_UNREACHABLE_CODE = YES;
				CLANG_WARN__DUPLICATE_METHOD_MATCH = YES;
				COPY_PHASE_STRIP = NO;
				DEBUG_INFORMATION_FORMAT = dwarf;
				ENABLE_STRICT_OBJC_MSGSEND = YES;
				ENABLE_TESTABILITY = YES;
				GCC_C_LANGUAGE_STANDARD = gnu11;
				GCC_DYNAMIC_NO_PIC = NO;
				GCC_NO_COMMON_BLOCKS = YES;
				GCC_OPTIMIZATION_LEVEL = 0;
				GCC_PREPROCESSOR_DEFINITIONS = (
					"DEBUG=1",
					"$(inherited)",
				);
				GCC_WARN_64_TO_32_BIT_CONVERSION = YES;
				GCC_WARN_ABOUT_RETURN_TYPE = YES_ERROR;
				GCC_WARN_UNDECLARED_SELECTOR = YES;
				GCC_WARN_UNINITIALIZED_AUTOS = YES_AGGRESSIVE;
				GCC_WARN_UNUSED_FUNCTION = YES;
				GCC_WARN_UNUSED_VARIABLE = YES;
				IPHONEOS_DEPLOYMENT_TARGET = 14.5;
				MTL_ENABLE_DEBUG_INFO = INCLUDE_SOURCE;
				MTL_FAST_MATH = YES;
				ONLY_ACTIVE_ARCH = YES;
				SDKROOT = iphoneos;
				SWIFT_ACTIVE_COMPILATION_CONDITIONS = DEBUG;
				SWIFT_OPTIMIZATION_LEVEL = "-Onone";
			};
			name = Debug;
		};
		FEFE5700267AE89E002EEF9E /* Release */ = {
			isa = XCBuildConfiguration;
			buildSettings = {
				ALWAYS_SEARCH_USER_PATHS = NO;
				CLANG_ANALYZER_NONNULL = YES;
				CLANG_ANALYZER_NUMBER_OBJECT_CONVERSION = YES_AGGRESSIVE;
				CLANG_CXX_LANGUAGE_STANDARD = "gnu++14";
				CLANG_CXX_LIBRARY = "libc++";
				CLANG_ENABLE_MODULES = YES;
				CLANG_ENABLE_OBJC_ARC = YES;
				CLANG_ENABLE_OBJC_WEAK = YES;
				CLANG_WARN_BLOCK_CAPTURE_AUTORELEASING = YES;
				CLANG_WARN_BOOL_CONVERSION = YES;
				CLANG_WARN_COMMA = YES;
				CLANG_WARN_CONSTANT_CONVERSION = YES;
				CLANG_WARN_DEPRECATED_OBJC_IMPLEMENTATIONS = YES;
				CLANG_WARN_DIRECT_OBJC_ISA_USAGE = YES_ERROR;
				CLANG_WARN_DOCUMENTATION_COMMENTS = YES;
				CLANG_WARN_EMPTY_BODY = YES;
				CLANG_WARN_ENUM_CONVERSION = YES;
				CLANG_WARN_INFINITE_RECURSION = YES;
				CLANG_WARN_INT_CONVERSION = YES;
				CLANG_WARN_NON_LITERAL_NULL_CONVERSION = YES;
				CLANG_WARN_OBJC_IMPLICIT_RETAIN_SELF = YES;
				CLANG_WARN_OBJC_LITERAL_CONVERSION = YES;
				CLANG_WARN_OBJC_ROOT_CLASS = YES_ERROR;
				CLANG_WARN_QUOTED_INCLUDE_IN_FRAMEWORK_HEADER = YES;
				CLANG_WARN_RANGE_LOOP_ANALYSIS = YES;
				CLANG_WARN_STRICT_PROTOTYPES = YES;
				CLANG_WARN_SUSPICIOUS_MOVE = YES;
				CLANG_WARN_UNGUARDED_AVAILABILITY = YES_AGGRESSIVE;
				CLANG_WARN_UNREACHABLE_CODE = YES;
				CLANG_WARN__DUPLICATE_METHOD_MATCH = YES;
				COPY_PHASE_STRIP = NO;
				DEBUG_INFORMATION_FORMAT = "dwarf-with-dsym";
				ENABLE_NS_ASSERTIONS = NO;
				ENABLE_STRICT_OBJC_MSGSEND = YES;
				GCC_C_LANGUAGE_STANDARD = gnu11;
				GCC_NO_COMMON_BLOCKS = YES;
				GCC_WARN_64_TO_32_BIT_CONVERSION = YES;
				GCC_WARN_ABOUT_RETURN_TYPE = YES_ERROR;
				GCC_WARN_UNDECLARED_SELECTOR = YES;
				GCC_WARN_UNINITIALIZED_AUTOS = YES_AGGRESSIVE;
				GCC_WARN_UNUSED_FUNCTION = YES;
				GCC_WARN_UNUSED_VARIABLE = YES;
				IPHONEOS_DEPLOYMENT_TARGET = 14.5;
				MTL_ENABLE_DEBUG_INFO = NO;
				MTL_FAST_MATH = YES;
				SDKROOT = iphoneos;
				SWIFT_COMPILATION_MODE = wholemodule;
				SWIFT_OPTIMIZATION_LEVEL = "-O";
				VALIDATE_PRODUCT = YES;
			};
			name = Release;
		};
		FEFE5702267AE89E002EEF9E /* Debug */ = {
			isa = XCBuildConfiguration;
			buildSettings = {
				ASSETCATALOG_COMPILER_APPICON_NAME = AppIcon;
				ASSETCATALOG_COMPILER_GLOBAL_ACCENT_COLOR_NAME = AccentColor;
				CODE_SIGN_STYLE = Automatic;
				DEVELOPMENT_ASSET_PATHS = "\"CoreD/Preview Content\"";
				DEVELOPMENT_TEAM = 53K75NW4TH;
				ENABLE_PREVIEWS = YES;
				INFOPLIST_FILE = CoreD/Info.plist;
				LD_RUNPATH_SEARCH_PATHS = (
					"$(inherited)",
					"@executable_path/Frameworks",
				);
				PRODUCT_BUNDLE_IDENTIFIER = com.100days.swiftui.CoreD;
				PRODUCT_NAME = "$(TARGET_NAME)";
				SWIFT_VERSION = 5.0;
				TARGETED_DEVICE_FAMILY = "1,2";
			};
			name = Debug;
		};
		FEFE5703267AE89E002EEF9E /* Release */ = {
			isa = XCBuildConfiguration;
			buildSettings = {
				ASSETCATALOG_COMPILER_APPICON_NAME = AppIcon;
				ASSETCATALOG_COMPILER_GLOBAL_ACCENT_COLOR_NAME = AccentColor;
				CODE_SIGN_STYLE = Automatic;
				DEVELOPMENT_ASSET_PATHS = "\"CoreD/Preview Content\"";
				DEVELOPMENT_TEAM = 53K75NW4TH;
				ENABLE_PREVIEWS = YES;
				INFOPLIST_FILE = CoreD/Info.plist;
				LD_RUNPATH_SEARCH_PATHS = (
					"$(inherited)",
					"@executable_path/Frameworks",
				);
				PRODUCT_BUNDLE_IDENTIFIER = com.100days.swiftui.CoreD;
				PRODUCT_NAME = "$(TARGET_NAME)";
				SWIFT_VERSION = 5.0;
				TARGETED_DEVICE_FAMILY = "1,2";
			};
			name = Release;
		};
/* End XCBuildConfiguration section */

/* Begin XCConfigurationList section */
		FEFE56E5267AE89D002EEF9E /* Build configuration list for PBXProject "CoreD" */ = {
			isa = XCConfigurationList;
			buildConfigurations = (
				FEFE56FF267AE89E002EEF9E /* Debug */,
				FEFE5700267AE89E002EEF9E /* Release */,
			);
			defaultConfigurationIsVisible = 0;
			defaultConfigurationName = Release;
		};
		FEFE5701267AE89E002EEF9E /* Build configuration list for PBXNativeTarget "CoreD" */ = {
			isa = XCConfigurationList;
			buildConfigurations = (
				FEFE5702267AE89E002EEF9E /* Debug */,
				FEFE5703267AE89E002EEF9E /* Release */,
			);
			defaultConfigurationIsVisible = 0;
			defaultConfigurationName = Release;
		};
/* End XCConfigurationList section */

/* Begin XCVersionGroup section */
		FEFE56F3267AE89D002EEF9E /* CoreD.xcdatamodeld */ = {
			isa = XCVersionGroup;
			children = (
				FEFE56F4267AE89D002EEF9E /* CoreD.xcdatamodel */,
			);
			currentVersion = FEFE56F4267AE89D002EEF9E /* CoreD.xcdatamodel */;
			path = CoreD.xcdatamodeld;
			sourceTree = "<group>";
			versionGroupType = wrapper.xcdatamodel;
		};
/* End XCVersionGroup section */
	};
	rootObject = FEFE56E2267AE89D002EEF9E /* Project object */;
}
