// !$*UTF8*$!
{
	archiveVersion = 1;
	classes = {
	};
	objectVersion = 50;
	objects = {

/* Begin PBXBuildFile section */
		FE28F722269FCDAF0011DFD1 /* AppDelegate.swift in Sources */ = {isa = PBXBuildFile; fileRef = FE28F721269FCDAF0011DFD1 /* AppDelegate.swift */; };
		FE28F724269FCDAF0011DFD1 /* SceneDelegate.swift in Sources */ = {isa = PBXBuildFile; fileRef = FE28F723269FCDAF0011DFD1 /* SceneDelegate.swift */; };
		FE28F726269FCDAF0011DFD1 /* ContentView.swift in Sources */ = {isa = PBXBuildFile; fileRef = FE28F725269FCDAF0011DFD1 /* ContentView.swift */; };
		FE28F728269FCDAF0011DFD1 /* Assets.xcassets in Resources */ = {isa = PBXBuildFile; fileRef = FE28F727269FCDAF0011DFD1 /* Assets.xcassets */; };
		FE28F72B269FCDAF0011DFD1 /* Preview Assets.xcassets in Resources */ = {isa = PBXBuildFile; fileRef = FE28F72A269FCDAF0011DFD1 /* Preview Assets.xcassets */; };
		FE28F72E269FCDAF0011DFD1 /* LaunchScreen.storyboard in Resources */ = {isa = PBXBuildFile; fileRef = FE28F72C269FCDAF0011DFD1 /* LaunchScreen.storyboard */; };
		FE28F736269FD1AD0011DFD1 /* PersonDetailView.swift in Sources */ = {isa = PBXBuildFile; fileRef = FE28F735269FD1AD0011DFD1 /* PersonDetailView.swift */; };
		FE28F739269FD4300011DFD1 /* Person.swift in Sources */ = {isa = PBXBuildFile; fileRef = FE28F738269FD4300011DFD1 /* Person.swift */; };
		FE28F73E269FD6F90011DFD1 /* ImagePicker.swift in Sources */ = {isa = PBXBuildFile; fileRef = FE28F73D269FD6F90011DFD1 /* ImagePicker.swift */; };
		FE28F740269FD8640011DFD1 /* UploadImageView.swift in Sources */ = {isa = PBXBuildFile; fileRef = FE28F73F269FD8640011DFD1 /* UploadImageView.swift */; };
		FE28F74226A128110011DFD1 /* Attendees.swift in Sources */ = {isa = PBXBuildFile; fileRef = FE28F74126A128110011DFD1 /* Attendees.swift */; };
/* End PBXBuildFile section */

/* Begin PBXFileReference section */
		FE28F71E269FCDAF0011DFD1 /* ConferenceApp.app */ = {isa = PBXFileReference; explicitFileType = wrapper.application; includeInIndex = 0; path = ConferenceApp.app; sourceTree = BUILT_PRODUCTS_DIR; };
		FE28F721269FCDAF0011DFD1 /* AppDelegate.swift */ = {isa = PBXFileReference; lastKnownFileType = sourcecode.swift; path = AppDelegate.swift; sourceTree = "<group>"; };
		FE28F723269FCDAF0011DFD1 /* SceneDelegate.swift */ = {isa = PBXFileReference; lastKnownFileType = sourcecode.swift; path = SceneDelegate.swift; sourceTree = "<group>"; };
		FE28F725269FCDAF0011DFD1 /* ContentView.swift */ = {isa = PBXFileReference; lastKnownFileType = sourcecode.swift; path = ContentView.swift; sourceTree = "<group>"; };
		FE28F727269FCDAF0011DFD1 /* Assets.xcassets */ = {isa = PBXFileReference; lastKnownFileType = folder.assetcatalog; path = Assets.xcassets; sourceTree = "<group>"; };
		FE28F72A269FCDAF0011DFD1 /* Preview Assets.xcassets */ = {isa = PBXFileReference; lastKnownFileType = folder.assetcatalog; path = "Preview Assets.xcassets"; sourceTree = "<group>"; };
		FE28F72D269FCDAF0011DFD1 /* Base */ = {isa = PBXFileReference; lastKnownFileType = file.storyboard; name = Base; path = Base.lproj/LaunchScreen.storyboard; sourceTree = "<group>"; };
		FE28F72F269FCDAF0011DFD1 /* Info.plist */ = {isa = PBXFileReference; lastKnownFileType = text.plist.xml; path = Info.plist; sourceTree = "<group>"; };
		FE28F735269FD1AD0011DFD1 /* PersonDetailView.swift */ = {isa = PBXFileReference; lastKnownFileType = sourcecode.swift; path = PersonDetailView.swift; sourceTree = "<group>"; };
		FE28F738269FD4300011DFD1 /* Person.swift */ = {isa = PBXFileReference; lastKnownFileType = sourcecode.swift; path = Person.swift; sourceTree = "<group>"; };
		FE28F73D269FD6F90011DFD1 /* ImagePicker.swift */ = {isa = PBXFileReference; lastKnownFileType = sourcecode.swift; path = ImagePicker.swift; sourceTree = "<group>"; };
		FE28F73F269FD8640011DFD1 /* UploadImageView.swift */ = {isa = PBXFileReference; lastKnownFileType = sourcecode.swift; path = UploadImageView.swift; sourceTree = "<group>"; };
		FE28F74126A128110011DFD1 /* Attendees.swift */ = {isa = PBXFileReference; lastKnownFileType = sourcecode.swift; path = Attendees.swift; sourceTree = "<group>"; };
/* End PBXFileReference section */

/* Begin PBXFrameworksBuildPhase section */
		FE28F71B269FCDAF0011DFD1 /* Frameworks */ = {
			isa = PBXFrameworksBuildPhase;
			buildActionMask = 2147483647;
			files = (
			);
			runOnlyForDeploymentPostprocessing = 0;
		};
/* End PBXFrameworksBuildPhase section */

/* Begin PBXGroup section */
		FE28F715269FCDAF0011DFD1 = {
			isa = PBXGroup;
			children = (
				FE28F720269FCDAF0011DFD1 /* ConferenceApp */,
				FE28F71F269FCDAF0011DFD1 /* Products */,
			);
			sourceTree = "<group>";
		};
		FE28F71F269FCDAF0011DFD1 /* Products */ = {
			isa = PBXGroup;
			children = (
				FE28F71E269FCDAF0011DFD1 /* ConferenceApp.app */,
			);
			name = Products;
			sourceTree = "<group>";
		};
		FE28F720269FCDAF0011DFD1 /* ConferenceApp */ = {
			isa = PBXGroup;
			children = (
				FE28F73C269FD66F0011DFD1 /* Coordinators */,
				FE28F73B269FD4550011DFD1 /* Views */,
				FE28F737269FD4250011DFD1 /* Models */,
				FE28F721269FCDAF0011DFD1 /* AppDelegate.swift */,
				FE28F723269FCDAF0011DFD1 /* SceneDelegate.swift */,
				FE28F727269FCDAF0011DFD1 /* Assets.xcassets */,
				FE28F72C269FCDAF0011DFD1 /* LaunchScreen.storyboard */,
				FE28F72F269FCDAF0011DFD1 /* Info.plist */,
				FE28F729269FCDAF0011DFD1 /* Preview Content */,
			);
			path = ConferenceApp;
			sourceTree = "<group>";
		};
		FE28F729269FCDAF0011DFD1 /* Preview Content */ = {
			isa = PBXGroup;
			children = (
				FE28F72A269FCDAF0011DFD1 /* Preview Assets.xcassets */,
			);
			path = "Preview Content";
			sourceTree = "<group>";
		};
		FE28F737269FD4250011DFD1 /* Models */ = {
			isa = PBXGroup;
			children = (
				FE28F738269FD4300011DFD1 /* Person.swift */,
				FE28F74126A128110011DFD1 /* Attendees.swift */,
			);
			path = Models;
			sourceTree = "<group>";
		};
		FE28F73B269FD4550011DFD1 /* Views */ = {
			isa = PBXGroup;
			children = (
				FE28F725269FCDAF0011DFD1 /* ContentView.swift */,
				FE28F735269FD1AD0011DFD1 /* PersonDetailView.swift */,
				FE28F73F269FD8640011DFD1 /* UploadImageView.swift */,
			);
			path = Views;
			sourceTree = "<group>";
		};
		FE28F73C269FD66F0011DFD1 /* Coordinators */ = {
			isa = PBXGroup;
			children = (
				FE28F73D269FD6F90011DFD1 /* ImagePicker.swift */,
			);
			path = Coordinators;
			sourceTree = "<group>";
		};
/* End PBXGroup section */

/* Begin PBXNativeTarget section */
		FE28F71D269FCDAF0011DFD1 /* ConferenceApp */ = {
			isa = PBXNativeTarget;
			buildConfigurationList = FE28F732269FCDAF0011DFD1 /* Build configuration list for PBXNativeTarget "ConferenceApp" */;
			buildPhases = (
				FE28F71A269FCDAF0011DFD1 /* Sources */,
				FE28F71B269FCDAF0011DFD1 /* Frameworks */,
				FE28F71C269FCDAF0011DFD1 /* Resources */,
			);
			buildRules = (
			);
			dependencies = (
			);
			name = ConferenceApp;
			productName = ConferenceApp;
			productReference = FE28F71E269FCDAF0011DFD1 /* ConferenceApp.app */;
			productType = "com.apple.product-type.application";
		};
/* End PBXNativeTarget section */

/* Begin PBXProject section */
		FE28F716269FCDAF0011DFD1 /* Project object */ = {
			isa = PBXProject;
			attributes = {
				LastSwiftUpdateCheck = 1250;
				LastUpgradeCheck = 1250;
				TargetAttributes = {
					FE28F71D269FCDAF0011DFD1 = {
						CreatedOnToolsVersion = 12.5.1;
					};
				};
			};
			buildConfigurationList = FE28F719269FCDAF0011DFD1 /* Build configuration list for PBXProject "ConferenceApp" */;
			compatibilityVersion = "Xcode 9.3";
			developmentRegion = en;
			hasScannedForEncodings = 0;
			knownRegions = (
				en,
				Base,
			);
			mainGroup = FE28F715269FCDAF0011DFD1;
			productRefGroup = FE28F71F269FCDAF0011DFD1 /* Products */;
			projectDirPath = "";
			projectRoot = "";
			targets = (
				FE28F71D269FCDAF0011DFD1 /* ConferenceApp */,
			);
		};
/* End PBXProject section */

/* Begin PBXResourcesBuildPhase section */
		FE28F71C269FCDAF0011DFD1 /* Resources */ = {
			isa = PBXResourcesBuildPhase;
			buildActionMask = 2147483647;
			files = (
				FE28F72E269FCDAF0011DFD1 /* LaunchScreen.storyboard in Resources */,
				FE28F72B269FCDAF0011DFD1 /* Preview Assets.xcassets in Resources */,
				FE28F728269FCDAF0011DFD1 /* Assets.xcassets in Resources */,
			);
			runOnlyForDeploymentPostprocessing = 0;
		};
/* End PBXResourcesBuildPhase section */

/* Begin PBXSourcesBuildPhase section */
		FE28F71A269FCDAF0011DFD1 /* Sources */ = {
			isa = PBXSourcesBuildPhase;
			buildActionMask = 2147483647;
			files = (
				FE28F739269FD4300011DFD1 /* Person.swift in Sources */,
				FE28F722269FCDAF0011DFD1 /* AppDelegate.swift in Sources */,
				FE28F724269FCDAF0011DFD1 /* SceneDelegate.swift in Sources */,
				FE28F73E269FD6F90011DFD1 /* ImagePicker.swift in Sources */,
				FE28F736269FD1AD0011DFD1 /* PersonDetailView.swift in Sources */,
				FE28F726269FCDAF0011DFD1 /* ContentView.swift in Sources */,
				FE28F740269FD8640011DFD1 /* UploadImageView.swift in Sources */,
				FE28F74226A128110011DFD1 /* Attendees.swift in Sources */,
			);
			runOnlyForDeploymentPostprocessing = 0;
		};
/* End PBXSourcesBuildPhase section */

/* Begin PBXVariantGroup section */
		FE28F72C269FCDAF0011DFD1 /* LaunchScreen.storyboard */ = {
			isa = PBXVariantGroup;
			children = (
				FE28F72D269FCDAF0011DFD1 /* Base */,
			);
			name = LaunchScreen.storyboard;
			sourceTree = "<group>";
		};
/* End PBXVariantGroup section */

/* Begin XCBuildConfiguration section */
		FE28F730269FCDAF0011DFD1 /* Debug */ = {
			isa = XCBuildConfiguration;
			buildSettings = {
				ALWAYS_SEARCH_USER_PATHS = NO;
				CLANG_ANALYZER_NONNULL = YES;
				CLANG_ANALYZER_NUMBER_OBJECT_CONVERSION = YES_AGGRESSIVE;
				CLANG_CXX_LANGUAGE_STANDARD = "gnu++14";
				CLANG_CXX_LIBRARY = "libc++";
				CLANG_ENABLE_MODULES = YES;
				CLANG_ENABLE_OBJC_ARC = YES;
				CLANG_ENABLE_OBJC_WEAK = YES;
				CLANG_WARN_BLOCK_CAPTURE_AUTORELEASING = YES;
				CLANG_WARN_BOOL_CONVERSION = YES;
				CLANG_WARN_COMMA = YES;
				CLANG_WARN_CONSTANT_CONVERSION = YES;
				CLANG_WARN_DEPRECATED_OBJC_IMPLEMENTATIONS = YES;
				CLANG_WARN_DIRECT_OBJC_ISA_USAGE = YES_ERROR;
				CLANG_WARN_DOCUMENTATION_COMMENTS = YES;
				CLANG_WARN_EMPTY_BODY = YES;
				CLANG_WARN_ENUM_CONVERSION = YES;
				CLANG_WARN_INFINITE_RECURSION = YES;
				CLANG_WARN_INT_CONVERSION = YES;
				CLANG_WARN_NON_LITERAL_NULL_CONVERSION = YES;
				CLANG_WARN_OBJC_IMPLICIT_RETAIN_SELF = YES;
				CLANG_WARN_OBJC_LITERAL_CONVERSION = YES;
				CLANG_WARN_OBJC_ROOT_CLASS = YES_ERROR;
				CLANG_WARN_QUOTED_INCLUDE_IN_FRAMEWORK_HEADER = YES;
				CLANG_WARN_RANGE_LOOP_ANALYSIS = YES;
				CLANG_WARN_STRICT_PROTOTYPES = YES;
				CLANG_WARN_SUSPICIOUS_MOVE = YES;
				CLANG_WARN_UNGUARDED_AVAILABILITY = YES_AGGRESSIVE;
				CLANG_WARN_UNREACHABLE_CODE = YES;
				CLANG_WARN__DUPLICATE_METHOD_MATCH = YES;
				COPY_PHASE_STRIP = NO;
				DEBUG_INFORMATION_FORMAT = dwarf;
				ENABLE_STRICT_OBJC_MSGSEND = YES;
				ENABLE_TESTABILITY = YES;
				GCC_C_LANGUAGE_STANDARD = gnu11;
				GCC_DYNAMIC_NO_PIC = NO;
				GCC_NO_COMMON_BLOCKS = YES;
				GCC_OPTIMIZATION_LEVEL = 0;
				GCC_PREPROCESSOR_DEFINITIONS = (
					"DEBUG=1",
					"$(inherited)",
				);
				GCC_WARN_64_TO_32_BIT_CONVERSION = YES;
				GCC_WARN_ABOUT_RETURN_TYPE = YES_ERROR;
				GCC_WARN_UNDECLARED_SELECTOR = YES;
				GCC_WARN_UNINITIALIZED_AUTOS = YES_AGGRESSIVE;
				GCC_WARN_UNUSED_FUNCTION = YES;
				GCC_WARN_UNUSED_VARIABLE = YES;
				IPHONEOS_DEPLOYMENT_TARGET = 14.5;
				MTL_ENABLE_DEBUG_INFO = INCLUDE_SOURCE;
				MTL_FAST_MATH = YES;
				ONLY_ACTIVE_ARCH = YES;
				SDKROOT = iphoneos;
				SWIFT_ACTIVE_COMPILATION_CONDITIONS = DEBUG;
				SWIFT_OPTIMIZATION_LEVEL = "-Onone";
			};
			name = Debug;
		};
		FE28F731269FCDAF0011DFD1 /* Release */ = {
			isa = XCBuildConfiguration;
			buildSettings = {
				ALWAYS_SEARCH_USER_PATHS = NO;
				CLANG_ANALYZER_NONNULL = YES;
				CLANG_ANALYZER_NUMBER_OBJECT_CONVERSION = YES_AGGRESSIVE;
				CLANG_CXX_LANGUAGE_STANDARD = "gnu++14";
				CLANG_CXX_LIBRARY = "libc++";
				CLANG_ENABLE_MODULES = YES;
				CLANG_ENABLE_OBJC_ARC = YES;
				CLANG_ENABLE_OBJC_WEAK = YES;
				CLANG_WARN_BLOCK_CAPTURE_AUTORELEASING = YES;
				CLANG_WARN_BOOL_CONVERSION = YES;
				CLANG_WARN_COMMA = YES;
				CLANG_WARN_CONSTANT_CONVERSION = YES;
				CLANG_WARN_DEPRECATED_OBJC_IMPLEMENTATIONS = YES;
				CLANG_WARN_DIRECT_OBJC_ISA_USAGE = YES_ERROR;
				CLANG_WARN_DOCUMENTATION_COMMENTS = YES;
				CLANG_WARN_EMPTY_BODY = YES;
				CLANG_WARN_ENUM_CONVERSION = YES;
				CLANG_WARN_INFINITE_RECURSION = YES;
				CLANG_WARN_INT_CONVERSION = YES;
				CLANG_WARN_NON_LITERAL_NULL_CONVERSION = YES;
				CLANG_WARN_OBJC_IMPLICIT_RETAIN_SELF = YES;
				CLANG_WARN_OBJC_LITERAL_CONVERSION = YES;
				CLANG_WARN_OBJC_ROOT_CLASS = YES_ERROR;
				CLANG_WARN_QUOTED_INCLUDE_IN_FRAMEWORK_HEADER = YES;
				CLANG_WARN_RANGE_LOOP_ANALYSIS = YES;
				CLANG_WARN_STRICT_PROTOTYPES = YES;
				CLANG_WARN_SUSPICIOUS_MOVE = YES;
				CLANG_WARN_UNGUARDED_AVAILABILITY = YES_AGGRESSIVE;
				CLANG_WARN_UNREACHABLE_CODE = YES;
				CLANG_WARN__DUPLICATE_METHOD_MATCH = YES;
				COPY_PHASE_STRIP = NO;
				DEBUG_INFORMATION_FORMAT = "dwarf-with-dsym";
				ENABLE_NS_ASSERTIONS = NO;
				ENABLE_STRICT_OBJC_MSGSEND = YES;
				GCC_C_LANGUAGE_STANDARD = gnu11;
				GCC_NO_COMMON_BLOCKS = YES;
				GCC_WARN_64_TO_32_BIT_CONVERSION = YES;
				GCC_WARN_ABOUT_RETURN_TYPE = YES_ERROR;
				GCC_WARN_UNDECLARED_SELECTOR = YES;
				GCC_WARN_UNINITIALIZED_AUTOS = YES_AGGRESSIVE;
				GCC_WARN_UNUSED_FUNCTION = YES;
				GCC_WARN_UNUSED_VARIABLE = YES;
				IPHONEOS_DEPLOYMENT_TARGET = 14.5;
				MTL_ENABLE_DEBUG_INFO = NO;
				MTL_FAST_MATH = YES;
				SDKROOT = iphoneos;
				SWIFT_COMPILATION_MODE = wholemodule;
				SWIFT_OPTIMIZATION_LEVEL = "-O";
				VALIDATE_PRODUCT = YES;
			};
			name = Release;
		};
		FE28F733269FCDAF0011DFD1 /* Debug */ = {
			isa = XCBuildConfiguration;
			buildSettings = {
				ASSETCATALOG_COMPILER_APPICON_NAME = AppIcon;
				ASSETCATALOG_COMPILER_GLOBAL_ACCENT_COLOR_NAME = AccentColor;
				CODE_SIGN_STYLE = Automatic;
				DEVELOPMENT_ASSET_PATHS = "\"ConferenceApp/Preview Content\"";
				DEVELOPMENT_TEAM = 53K75NW4TH;
				ENABLE_PREVIEWS = YES;
				INFOPLIST_FILE = ConferenceApp/Info.plist;
				LD_RUNPATH_SEARCH_PATHS = (
					"$(inherited)",
					"@executable_path/Frameworks",
				);
				PRODUCT_BUNDLE_IDENTIFIER = com.100days.swiftui.ConferenceApp;
				PRODUCT_NAME = "$(TARGET_NAME)";
				SWIFT_VERSION = 5.0;
				TARGETED_DEVICE_FAMILY = "1,2";
			};
			name = Debug;
		};
		FE28F734269FCDAF0011DFD1 /* Release */ = {
			isa = XCBuildConfiguration;
			buildSettings = {
				ASSETCATALOG_COMPILER_APPICON_NAME = AppIcon;
				ASSETCATALOG_COMPILER_GLOBAL_ACCENT_COLOR_NAME = AccentColor;
				CODE_SIGN_STYLE = Automatic;
				DEVELOPMENT_ASSET_PATHS = "\"ConferenceApp/Preview Content\"";
				DEVELOPMENT_TEAM = 53K75NW4TH;
				ENABLE_PREVIEWS = YES;
				INFOPLIST_FILE = ConferenceApp/Info.plist;
				LD_RUNPATH_SEARCH_PATHS = (
					"$(inherited)",
					"@executable_path/Frameworks",
				);
				PRODUCT_BUNDLE_IDENTIFIER = com.100days.swiftui.ConferenceApp;
				PRODUCT_NAME = "$(TARGET_NAME)";
				SWIFT_VERSION = 5.0;
				TARGETED_DEVICE_FAMILY = "1,2";
			};
			name = Release;
		};
/* End XCBuildConfiguration section */

/* Begin XCConfigurationList section */
		FE28F719269FCDAF0011DFD1 /* Build configuration list for PBXProject "ConferenceApp" */ = {
			isa = XCConfigurationList;
			buildConfigurations = (
				FE28F730269FCDAF0011DFD1 /* Debug */,
				FE28F731269FCDAF0011DFD1 /* Release */,
			);
			defaultConfigurationIsVisible = 0;
			defaultConfigurationName = Release;
		};
		FE28F732269FCDAF0011DFD1 /* Build configuration list for PBXNativeTarget "ConferenceApp" */ = {
			isa = XCConfigurationList;
			buildConfigurations = (
				FE28F733269FCDAF0011DFD1 /* Debug */,
				FE28F734269FCDAF0011DFD1 /* Release */,
			);
			defaultConfigurationIsVisible = 0;
			defaultConfigurationName = Release;
		};
/* End XCConfigurationList section */
	};
	rootObject = FE28F716269FCDAF0011DFD1 /* Project object */;
}
