// !$*UTF8*$!
{
	archiveVersion = 1;
	classes = {
	};
	objectVersion = 50;
	objects = {

/* Begin PBXBuildFile section */
		FE33ED3426940FAB0038799E /* MapView.swift in Sources */ = {isa = PBXBuildFile; fileRef = FE33ED3326940FAB0038799E /* MapView.swift */; };
		FE82A9F82692634D009F7680 /* AppDelegate.swift in Sources */ = {isa = PBXBuildFile; fileRef = FE82A9F72692634D009F7680 /* AppDelegate.swift */; };
		FE82A9FA2692634D009F7680 /* SceneDelegate.swift in Sources */ = {isa = PBXBuildFile; fileRef = FE82A9F92692634D009F7680 /* SceneDelegate.swift */; };
		FE82A9FC2692634D009F7680 /* ContentView.swift in Sources */ = {isa = PBXBuildFile; fileRef = FE82A9FB2692634D009F7680 /* ContentView.swift */; };
		FE82A9FE2692634D009F7680 /* Assets.xcassets in Resources */ = {isa = PBXBuildFile; fileRef = FE82A9FD2692634D009F7680 /* Assets.xcassets */; };
		FE82AA012692634D009F7680 /* Preview Assets.xcassets in Resources */ = {isa = PBXBuildFile; fileRef = FE82AA002692634D009F7680 /* Preview Assets.xcassets */; };
		FE82AA042692634D009F7680 /* LaunchScreen.storyboard in Resources */ = {isa = PBXBuildFile; fileRef = FE82AA022692634D009F7680 /* LaunchScreen.storyboard */; };
		FE9CD72826968C4500BD14C6 /* MKPointAnnotation-ObservableObject.swift in Sources */ = {isa = PBXBuildFile; fileRef = FE9CD72726968C4500BD14C6 /* MKPointAnnotation-ObservableObject.swift */; };
		FE9CD72A26968D5000BD14C6 /* EditView.swift in Sources */ = {isa = PBXBuildFile; fileRef = FE9CD72926968D5000BD14C6 /* EditView.swift */; };
		FE9CD72C26968F2600BD14C6 /* Result.swift in Sources */ = {isa = PBXBuildFile; fileRef = FE9CD72B26968F2600BD14C6 /* Result.swift */; };
		FEE84AC22697E15C00208B15 /* MKPointAnnotation-Codable.swift in Sources */ = {isa = PBXBuildFile; fileRef = FEE84AC12697E15C00208B15 /* MKPointAnnotation-Codable.swift */; };
/* End PBXBuildFile section */

/* Begin PBXFileReference section */
		FE33ED3326940FAB0038799E /* MapView.swift */ = {isa = PBXFileReference; lastKnownFileType = sourcecode.swift; path = MapView.swift; sourceTree = "<group>"; };
		FE82A9F42692634D009F7680 /* BucketList.app */ = {isa = PBXFileReference; explicitFileType = wrapper.application; includeInIndex = 0; path = BucketList.app; sourceTree = BUILT_PRODUCTS_DIR; };
		FE82A9F72692634D009F7680 /* AppDelegate.swift */ = {isa = PBXFileReference; lastKnownFileType = sourcecode.swift; path = AppDelegate.swift; sourceTree = "<group>"; };
		FE82A9F92692634D009F7680 /* SceneDelegate.swift */ = {isa = PBXFileReference; lastKnownFileType = sourcecode.swift; path = SceneDelegate.swift; sourceTree = "<group>"; };
		FE82A9FB2692634D009F7680 /* ContentView.swift */ = {isa = PBXFileReference; lastKnownFileType = sourcecode.swift; path = ContentView.swift; sourceTree = "<group>"; };
		FE82A9FD2692634D009F7680 /* Assets.xcassets */ = {isa = PBXFileReference; lastKnownFileType = folder.assetcatalog; path = Assets.xcassets; sourceTree = "<group>"; };
		FE82AA002692634D009F7680 /* Preview Assets.xcassets */ = {isa = PBXFileReference; lastKnownFileType = folder.assetcatalog; path = "Preview Assets.xcassets"; sourceTree = "<group>"; };
		FE82AA032692634D009F7680 /* Base */ = {isa = PBXFileReference; lastKnownFileType = file.storyboard; name = Base; path = Base.lproj/LaunchScreen.storyboard; sourceTree = "<group>"; };
		FE82AA052692634D009F7680 /* Info.plist */ = {isa = PBXFileReference; lastKnownFileType = text.plist.xml; path = Info.plist; sourceTree = "<group>"; };
		FE9CD72726968C4500BD14C6 /* MKPointAnnotation-ObservableObject.swift */ = {isa = PBXFileReference; lastKnownFileType = sourcecode.swift; path = "MKPointAnnotation-ObservableObject.swift"; sourceTree = "<group>"; };
		FE9CD72926968D5000BD14C6 /* EditView.swift */ = {isa = PBXFileReference; lastKnownFileType = sourcecode.swift; path = EditView.swift; sourceTree = "<group>"; };
		FE9CD72B26968F2600BD14C6 /* Result.swift */ = {isa = PBXFileReference; lastKnownFileType = sourcecode.swift; path = Result.swift; sourceTree = "<group>"; };
		FEE84AC12697E15C00208B15 /* MKPointAnnotation-Codable.swift */ = {isa = PBXFileReference; lastKnownFileType = sourcecode.swift; path = "MKPointAnnotation-Codable.swift"; sourceTree = "<group>"; };
/* End PBXFileReference section */

/* Begin PBXFrameworksBuildPhase section */
		FE82A9F12692634D009F7680 /* Frameworks */ = {
			isa = PBXFrameworksBuildPhase;
			buildActionMask = 2147483647;
			files = (
			);
			runOnlyForDeploymentPostprocessing = 0;
		};
/* End PBXFrameworksBuildPhase section */

/* Begin PBXGroup section */
		FE82A9EB2692634D009F7680 = {
			isa = PBXGroup;
			children = (
				FE82A9F62692634D009F7680 /* BucketList */,
				FE82A9F52692634D009F7680 /* Products */,
			);
			sourceTree = "<group>";
		};
		FE82A9F52692634D009F7680 /* Products */ = {
			isa = PBXGroup;
			children = (
				FE82A9F42692634D009F7680 /* BucketList.app */,
			);
			name = Products;
			sourceTree = "<group>";
		};
		FE82A9F62692634D009F7680 /* BucketList */ = {
			isa = PBXGroup;
			children = (
				FE82A9F72692634D009F7680 /* AppDelegate.swift */,
				FE82A9F92692634D009F7680 /* SceneDelegate.swift */,
				FE82A9FB2692634D009F7680 /* ContentView.swift */,
				FE82A9FD2692634D009F7680 /* Assets.xcassets */,
				FE82AA022692634D009F7680 /* LaunchScreen.storyboard */,
				FE82AA052692634D009F7680 /* Info.plist */,
				FE82A9FF2692634D009F7680 /* Preview Content */,
				FE33ED3326940FAB0038799E /* MapView.swift */,
				FE9CD72726968C4500BD14C6 /* MKPointAnnotation-ObservableObject.swift */,
				FE9CD72926968D5000BD14C6 /* EditView.swift */,
				FE9CD72B26968F2600BD14C6 /* Result.swift */,
				FEE84AC12697E15C00208B15 /* MKPointAnnotation-Codable.swift */,
			);
			path = BucketList;
			sourceTree = "<group>";
		};
		FE82A9FF2692634D009F7680 /* Preview Content */ = {
			isa = PBXGroup;
			children = (
				FE82AA002692634D009F7680 /* Preview Assets.xcassets */,
			);
			path = "Preview Content";
			sourceTree = "<group>";
		};
/* End PBXGroup section */

/* Begin PBXNativeTarget section */
		FE82A9F32692634D009F7680 /* BucketList */ = {
			isa = PBXNativeTarget;
			buildConfigurationList = FE82AA082692634D009F7680 /* Build configuration list for PBXNativeTarget "BucketList" */;
			buildPhases = (
				FE82A9F02692634D009F7680 /* Sources */,
				FE82A9F12692634D009F7680 /* Frameworks */,
				FE82A9F22692634D009F7680 /* Resources */,
			);
			buildRules = (
			);
			dependencies = (
			);
			name = BucketList;
			productName = BucketList;
			productReference = FE82A9F42692634D009F7680 /* BucketList.app */;
			productType = "com.apple.product-type.application";
		};
/* End PBXNativeTarget section */

/* Begin PBXProject section */
		FE82A9EC2692634D009F7680 /* Project object */ = {
			isa = PBXProject;
			attributes = {
				LastSwiftUpdateCheck = 1250;
				LastUpgradeCheck = 1250;
				TargetAttributes = {
					FE82A9F32692634D009F7680 = {
						CreatedOnToolsVersion = 12.5.1;
					};
				};
			};
			buildConfigurationList = FE82A9EF2692634D009F7680 /* Build configuration list for PBXProject "BucketList" */;
			compatibilityVersion = "Xcode 9.3";
			developmentRegion = en;
			hasScannedForEncodings = 0;
			knownRegions = (
				en,
				Base,
			);
			mainGroup = FE82A9EB2692634D009F7680;
			productRefGroup = FE82A9F52692634D009F7680 /* Products */;
			projectDirPath = "";
			projectRoot = "";
			targets = (
				FE82A9F32692634D009F7680 /* BucketList */,
			);
		};
/* End PBXProject section */

/* Begin PBXResourcesBuildPhase section */
		FE82A9F22692634D009F7680 /* Resources */ = {
			isa = PBXResourcesBuildPhase;
			buildActionMask = 2147483647;
			files = (
				FE82AA042692634D009F7680 /* LaunchScreen.storyboard in Resources */,
				FE82AA012692634D009F7680 /* Preview Assets.xcassets in Resources */,
				FE82A9FE2692634D009F7680 /* Assets.xcassets in Resources */,
			);
			runOnlyForDeploymentPostprocessing = 0;
		};
/* End PBXResourcesBuildPhase section */

/* Begin PBXSourcesBuildPhase section */
		FE82A9F02692634D009F7680 /* Sources */ = {
			isa = PBXSourcesBuildPhase;
			buildActionMask = 2147483647;
			files = (
				FE82A9F82692634D009F7680 /* AppDelegate.swift in Sources */,
				FE33ED3426940FAB0038799E /* MapView.swift in Sources */,
				FE9CD72A26968D5000BD14C6 /* EditView.swift in Sources */,
				FE82A9FA2692634D009F7680 /* SceneDelegate.swift in Sources */,
				FE9CD72C26968F2600BD14C6 /* Result.swift in Sources */,
				FE9CD72826968C4500BD14C6 /* MKPointAnnotation-ObservableObject.swift in Sources */,
				FEE84AC22697E15C00208B15 /* MKPointAnnotation-Codable.swift in Sources */,
				FE82A9FC2692634D009F7680 /* ContentView.swift in Sources */,
			);
			runOnlyForDeploymentPostprocessing = 0;
		};
/* End PBXSourcesBuildPhase section */

/* Begin PBXVariantGroup section */
		FE82AA022692634D009F7680 /* LaunchScreen.storyboard */ = {
			isa = PBXVariantGroup;
			children = (
				FE82AA032692634D009F7680 /* Base */,
			);
			name = LaunchScreen.storyboard;
			sourceTree = "<group>";
		};
/* End PBXVariantGroup section */

/* Begin XCBuildConfiguration section */
		FE82AA062692634D009F7680 /* Debug */ = {
			isa = XCBuildConfiguration;
			buildSettings = {
				ALWAYS_SEARCH_USER_PATHS = NO;
				CLANG_ANALYZER_NONNULL = YES;
				CLANG_ANALYZER_NUMBER_OBJECT_CONVERSION = YES_AGGRESSIVE;
				CLANG_CXX_LANGUAGE_STANDARD = "gnu++14";
				CLANG_CXX_LIBRARY = "libc++";
				CLANG_ENABLE_MODULES = YES;
				CLANG_ENABLE_OBJC_ARC = YES;
				CLANG_ENABLE_OBJC_WEAK = YES;
				CLANG_WARN_BLOCK_CAPTURE_AUTORELEASING = YES;
				CLANG_WARN_BOOL_CONVERSION = YES;
				CLANG_WARN_COMMA = YES;
				CLANG_WARN_CONSTANT_CONVERSION = YES;
				CLANG_WARN_DEPRECATED_OBJC_IMPLEMENTATIONS = YES;
				CLANG_WARN_DIRECT_OBJC_ISA_USAGE = YES_ERROR;
				CLANG_WARN_DOCUMENTATION_COMMENTS = YES;
				CLANG_WARN_EMPTY_BODY = YES;
				CLANG_WARN_ENUM_CONVERSION = YES;
				CLANG_WARN_INFINITE_RECURSION = YES;
				CLANG_WARN_INT_CONVERSION = YES;
				CLANG_WARN_NON_LITERAL_NULL_CONVERSION = YES;
				CLANG_WARN_OBJC_IMPLICIT_RETAIN_SELF = YES;
				CLANG_WARN_OBJC_LITERAL_CONVERSION = YES;
				CLANG_WARN_OBJC_ROOT_CLASS = YES_ERROR;
				CLANG_WARN_QUOTED_INCLUDE_IN_FRAMEWORK_HEADER = YES;
				CLANG_WARN_RANGE_LOOP_ANALYSIS = YES;
				CLANG_WARN_STRICT_PROTOTYPES = YES;
				CLANG_WARN_SUSPICIOUS_MOVE = YES;
				CLANG_WARN_UNGUARDED_AVAILABILITY = YES_AGGRESSIVE;
				CLANG_WARN_UNREACHABLE_CODE = YES;
				CLANG_WARN__DUPLICATE_METHOD_MATCH = YES;
				COPY_PHASE_STRIP = NO;
				DEBUG_INFORMATION_FORMAT = dwarf;
				ENABLE_STRICT_OBJC_MSGSEND = YES;
				ENABLE_TESTABILITY = YES;
				GCC_C_LANGUAGE_STANDARD = gnu11;
				GCC_DYNAMIC_NO_PIC = NO;
				GCC_NO_COMMON_BLOCKS = YES;
				GCC_OPTIMIZATION_LEVEL = 0;
				GCC_PREPROCESSOR_DEFINITIONS = (
					"DEBUG=1",
					"$(inherited)",
				);
				GCC_WARN_64_TO_32_BIT_CONVERSION = YES;
				GCC_WARN_ABOUT_RETURN_TYPE = YES_ERROR;
				GCC_WARN_UNDECLARED_SELECTOR = YES;
				GCC_WARN_UNINITIALIZED_AUTOS = YES_AGGRESSIVE;
				GCC_WARN_UNUSED_FUNCTION = YES;
				GCC_WARN_UNUSED_VARIABLE = YES;
				IPHONEOS_DEPLOYMENT_TARGET = 14.5;
				MTL_ENABLE_DEBUG_INFO = INCLUDE_SOURCE;
				MTL_FAST_MATH = YES;
				ONLY_ACTIVE_ARCH = YES;
				SDKROOT = iphoneos;
				SWIFT_ACTIVE_COMPILATION_CONDITIONS = DEBUG;
				SWIFT_OPTIMIZATION_LEVEL = "-Onone";
			};
			name = Debug;
		};
		FE82AA072692634D009F7680 /* Release */ = {
			isa = XCBuildConfiguration;
			buildSettings = {
				ALWAYS_SEARCH_USER_PATHS = NO;
				CLANG_ANALYZER_NONNULL = YES;
				CLANG_ANALYZER_NUMBER_OBJECT_CONVERSION = YES_AGGRESSIVE;
				CLANG_CXX_LANGUAGE_STANDARD = "gnu++14";
				CLANG_CXX_LIBRARY = "libc++";
				CLANG_ENABLE_MODULES = YES;
				CLANG_ENABLE_OBJC_ARC = YES;
				CLANG_ENABLE_OBJC_WEAK = YES;
				CLANG_WARN_BLOCK_CAPTURE_AUTORELEASING = YES;
				CLANG_WARN_BOOL_CONVERSION = YES;
				CLANG_WARN_COMMA = YES;
				CLANG_WARN_CONSTANT_CONVERSION = YES;
				CLANG_WARN_DEPRECATED_OBJC_IMPLEMENTATIONS = YES;
				CLANG_WARN_DIRECT_OBJC_ISA_USAGE = YES_ERROR;
				CLANG_WARN_DOCUMENTATION_COMMENTS = YES;
				CLANG_WARN_EMPTY_BODY = YES;
				CLANG_WARN_ENUM_CONVERSION = YES;
				CLANG_WARN_INFINITE_RECURSION = YES;
				CLANG_WARN_INT_CONVERSION = YES;
				CLANG_WARN_NON_LITERAL_NULL_CONVERSION = YES;
				CLANG_WARN_OBJC_IMPLICIT_RETAIN_SELF = YES;
				CLANG_WARN_OBJC_LITERAL_CONVERSION = YES;
				CLANG_WARN_OBJC_ROOT_CLASS = YES_ERROR;
				CLANG_WARN_QUOTED_INCLUDE_IN_FRAMEWORK_HEADER = YES;
				CLANG_WARN_RANGE_LOOP_ANALYSIS = YES;
				CLANG_WARN_STRICT_PROTOTYPES = YES;
				CLANG_WARN_SUSPICIOUS_MOVE = YES;
				CLANG_WARN_UNGUARDED_AVAILABILITY = YES_AGGRESSIVE;
				CLANG_WARN_UNREACHABLE_CODE = YES;
				CLANG_WARN__DUPLICATE_METHOD_MATCH = YES;
				COPY_PHASE_STRIP = NO;
				DEBUG_INFORMATION_FORMAT = "dwarf-with-dsym";
				ENABLE_NS_ASSERTIONS = NO;
				ENABLE_STRICT_OBJC_MSGSEND = YES;
				GCC_C_LANGUAGE_STANDARD = gnu11;
				GCC_NO_COMMON_BLOCKS = YES;
				GCC_WARN_64_TO_32_BIT_CONVERSION = YES;
				GCC_WARN_ABOUT_RETURN_TYPE = YES_ERROR;
				GCC_WARN_UNDECLARED_SELECTOR = YES;
				GCC_WARN_UNINITIALIZED_AUTOS = YES_AGGRESSIVE;
				GCC_WARN_UNUSED_FUNCTION = YES;
				GCC_WARN_UNUSED_VARIABLE = YES;
				IPHONEOS_DEPLOYMENT_TARGET = 14.5;
				MTL_ENABLE_DEBUG_INFO = NO;
				MTL_FAST_MATH = YES;
				SDKROOT = iphoneos;
				SWIFT_COMPILATION_MODE = wholemodule;
				SWIFT_OPTIMIZATION_LEVEL = "-O";
				VALIDATE_PRODUCT = YES;
			};
			name = Release;
		};
		FE82AA092692634D009F7680 /* Debug */ = {
			isa = XCBuildConfiguration;
			buildSettings = {
				ASSETCATALOG_COMPILER_APPICON_NAME = AppIcon;
				ASSETCATALOG_COMPILER_GLOBAL_ACCENT_COLOR_NAME = AccentColor;
				CODE_SIGN_STYLE = Automatic;
				DEVELOPMENT_ASSET_PATHS = "\"BucketList/Preview Content\"";
				DEVELOPMENT_TEAM = 53K75NW4TH;
				ENABLE_PREVIEWS = YES;
				INFOPLIST_FILE = BucketList/Info.plist;
				LD_RUNPATH_SEARCH_PATHS = (
					"$(inherited)",
					"@executable_path/Frameworks",
				);
				PRODUCT_BUNDLE_IDENTIFIER = com.100days.swiftui.BucketList;
				PRODUCT_NAME = "$(TARGET_NAME)";
				SWIFT_VERSION = 5.0;
				TARGETED_DEVICE_FAMILY = "1,2";
			};
			name = Debug;
		};
		FE82AA0A2692634D009F7680 /* Release */ = {
			isa = XCBuildConfiguration;
			buildSettings = {
				ASSETCATALOG_COMPILER_APPICON_NAME = AppIcon;
				ASSETCATALOG_COMPILER_GLOBAL_ACCENT_COLOR_NAME = AccentColor;
				CODE_SIGN_STYLE = Automatic;
				DEVELOPMENT_ASSET_PATHS = "\"BucketList/Preview Content\"";
				DEVELOPMENT_TEAM = 53K75NW4TH;
				ENABLE_PREVIEWS = YES;
				INFOPLIST_FILE = BucketList/Info.plist;
				LD_RUNPATH_SEARCH_PATHS = (
					"$(inherited)",
					"@executable_path/Frameworks",
				);
				PRODUCT_BUNDLE_IDENTIFIER = com.100days.swiftui.BucketList;
				PRODUCT_NAME = "$(TARGET_NAME)";
				SWIFT_VERSION = 5.0;
				TARGETED_DEVICE_FAMILY = "1,2";
			};
			name = Release;
		};
/* End XCBuildConfiguration section */

/* Begin XCConfigurationList section */
		FE82A9EF2692634D009F7680 /* Build configuration list for PBXProject "BucketList" */ = {
			isa = XCConfigurationList;
			buildConfigurations = (
				FE82AA062692634D009F7680 /* Debug */,
				FE82AA072692634D009F7680 /* Release */,
			);
			defaultConfigurationIsVisible = 0;
			defaultConfigurationName = Release;
		};
		FE82AA082692634D009F7680 /* Build configuration list for PBXNativeTarget "BucketList" */ = {
			isa = XCConfigurationList;
			buildConfigurations = (
				FE82AA092692634D009F7680 /* Debug */,
				FE82AA0A2692634D009F7680 /* Release */,
			);
			defaultConfigurationIsVisible = 0;
			defaultConfigurationName = Release;
		};
/* End XCConfigurationList section */
	};
	rootObject = FE82A9EC2692634D009F7680 /* Project object */;
}
